// !$*UTF8*$!
{
	archiveVersion = 1;
	classes = {
	};
	objectVersion = 56;
	objects = {

/* Begin PBXBuildFile section */
		2729DA60293D458A00A848DC /* FrisbeeGolfApp.swift in Sources */ = {isa = PBXBuildFile; fileRef = 2729DA5F293D458A00A848DC /* FrisbeeGolfApp.swift */; };
		2729DA62293D458A00A848DC /* ContentView.swift in Sources */ = {isa = PBXBuildFile; fileRef = 2729DA61293D458A00A848DC /* ContentView.swift */; };
		2729DA64293D458B00A848DC /* Assets.xcassets in Resources */ = {isa = PBXBuildFile; fileRef = 2729DA63293D458B00A848DC /* Assets.xcassets */; };
		2729DA68293D458B00A848DC /* Preview Assets.xcassets in Resources */ = {isa = PBXBuildFile; fileRef = 2729DA67293D458B00A848DC /* Preview Assets.xcassets */; };
		2729DA72293D458B00A848DC /* FrisbeeGolfTests.swift in Sources */ = {isa = PBXBuildFile; fileRef = 2729DA71293D458B00A848DC /* FrisbeeGolfTests.swift */; };
		2729DA7C293D458B00A848DC /* FrisbeeGolfUITests.swift in Sources */ = {isa = PBXBuildFile; fileRef = 2729DA7B293D458B00A848DC /* FrisbeeGolfUITests.swift */; };
		2729DA7E293D458B00A848DC /* FrisbeeGolfUITestsLaunchTests.swift in Sources */ = {isa = PBXBuildFile; fileRef = 2729DA7D293D458B00A848DC /* FrisbeeGolfUITestsLaunchTests.swift */; };
		2729DA8F293D474E00A848DC /* CurrentScoreViewModel.swift in Sources */ = {isa = PBXBuildFile; fileRef = 2729DA8E293D474E00A848DC /* CurrentScoreViewModel.swift */; };
		2729DA91293D4CE000A848DC /* ScoresView.swift in Sources */ = {isa = PBXBuildFile; fileRef = 2729DA90293D4CE000A848DC /* ScoresView.swift */; };
		2729DA93293D517F00A848DC /* ScoresRowView.swift in Sources */ = {isa = PBXBuildFile; fileRef = 2729DA92293D517F00A848DC /* ScoresRowView.swift */; };
		2729DA96293D51EF00A848DC /* HoleScoreModel.swift in Sources */ = {isa = PBXBuildFile; fileRef = 2729DA95293D51EF00A848DC /* HoleScoreModel.swift */; };
		2729DA98293D747D00A848DC /* SaveData.swift in Sources */ = {isa = PBXBuildFile; fileRef = 2729DA97293D747D00A848DC /* SaveData.swift */; };
		2729DA9A293FA80300A848DC /* GameScoreModel.swift in Sources */ = {isa = PBXBuildFile; fileRef = 2729DA99293FA80300A848DC /* GameScoreModel.swift */; };
		2729DA9C293FADFB00A848DC /* GameScoreView.swift in Sources */ = {isa = PBXBuildFile; fileRef = 2729DA9B293FADFB00A848DC /* GameScoreView.swift */; };
		2729DAA0293FAFF200A848DC /* GamePromptView.swift in Sources */ = {isa = PBXBuildFile; fileRef = 2729DA9F293FAFF200A848DC /* GamePromptView.swift */; };
		2729DAA2293FB12C00A848DC /* PreviousGameView.swift in Sources */ = {isa = PBXBuildFile; fileRef = 2729DAA1293FB12C00A848DC /* PreviousGameView.swift */; };
		2729DAA5293FB20100A848DC /* PreviousGamesViewModel.swift in Sources */ = {isa = PBXBuildFile; fileRef = 2729DAA4293FB20100A848DC /* PreviousGamesViewModel.swift */; };
		2729DAA8293FB37300A848DC /* GamesListView.swift in Sources */ = {isa = PBXBuildFile; fileRef = 2729DAA7293FB37300A848DC /* GamesListView.swift */; };
		2729DAAB293FB3B000A848DC /* GameRowView.swift in Sources */ = {isa = PBXBuildFile; fileRef = 2729DAAA293FB3B000A848DC /* GameRowView.swift */; };
		2729DAB1293FF60D00A848DC /* GoogleService-Info.plist in Resources */ = {isa = PBXBuildFile; fileRef = 2729DAB0293FF60D00A848DC /* GoogleService-Info.plist */; };
		2729DAB4293FF75C00A848DC /* FirebaseAnalytics in Frameworks */ = {isa = PBXBuildFile; productRef = 2729DAB3293FF75C00A848DC /* FirebaseAnalytics */; };
		2729DAB6293FF75C00A848DC /* FirebaseAuth in Frameworks */ = {isa = PBXBuildFile; productRef = 2729DAB5293FF75C00A848DC /* FirebaseAuth */; };
		2729DAB8293FF75C00A848DC /* FirebaseAuthCombine-Community in Frameworks */ = {isa = PBXBuildFile; productRef = 2729DAB7293FF75C00A848DC /* FirebaseAuthCombine-Community */; };
		2729DABA293FF75C00A848DC /* FirebaseFirestore in Frameworks */ = {isa = PBXBuildFile; productRef = 2729DAB9293FF75C00A848DC /* FirebaseFirestore */; };
		2729DABC293FF75C00A848DC /* FirebaseFirestoreCombine-Community in Frameworks */ = {isa = PBXBuildFile; productRef = 2729DABB293FF75C00A848DC /* FirebaseFirestoreCombine-Community */; };
		2729DABE293FF75C00A848DC /* FirebaseFirestoreSwift in Frameworks */ = {isa = PBXBuildFile; productRef = 2729DABD293FF75C00A848DC /* FirebaseFirestoreSwift */; };
		2729DAC0293FF75C00A848DC /* FirebaseStorage in Frameworks */ = {isa = PBXBuildFile; productRef = 2729DABF293FF75C00A848DC /* FirebaseStorage */; };
		2729DAC2293FF75C00A848DC /* FirebaseStorageCombine-Community in Frameworks */ = {isa = PBXBuildFile; productRef = 2729DAC1293FF75C00A848DC /* FirebaseStorageCombine-Community */; };
		27BF0D502954D9AC00E5CA1E /* LoginView.swift in Sources */ = {isa = PBXBuildFile; fileRef = 27BF0D4F2954D9AC00E5CA1E /* LoginView.swift */; };
		27BF0D522954EF5300E5CA1E /* SignupView.swift in Sources */ = {isa = PBXBuildFile; fileRef = 27BF0D512954EF5300E5CA1E /* SignupView.swift */; };
		27BF0D542964AC2200E5CA1E /* LoginViewModel.swift in Sources */ = {isa = PBXBuildFile; fileRef = 27BF0D532964AC2200E5CA1E /* LoginViewModel.swift */; };
		27BF0D562964B05900E5CA1E /* UIDModel.swift in Sources */ = {isa = PBXBuildFile; fileRef = 27BF0D552964B05900E5CA1E /* UIDModel.swift */; };
		27BF0D592964B64400E5CA1E /* ProfilePage.swift in Sources */ = {isa = PBXBuildFile; fileRef = 27BF0D582964B64400E5CA1E /* ProfilePage.swift */; };
/* End PBXBuildFile section */

/* Begin PBXContainerItemProxy section */
		2729DA6E293D458B00A848DC /* PBXContainerItemProxy */ = {
			isa = PBXContainerItemProxy;
			containerPortal = 2729DA54293D458A00A848DC /* Project object */;
			proxyType = 1;
			remoteGlobalIDString = 2729DA5B293D458A00A848DC;
			remoteInfo = FrisbeeGolf;
		};
		2729DA78293D458B00A848DC /* PBXContainerItemProxy */ = {
			isa = PBXContainerItemProxy;
			containerPortal = 2729DA54293D458A00A848DC /* Project object */;
			proxyType = 1;
			remoteGlobalIDString = 2729DA5B293D458A00A848DC;
			remoteInfo = FrisbeeGolf;
		};
/* End PBXContainerItemProxy section */

/* Begin PBXFileReference section */
		2729DA5C293D458A00A848DC /* FrisbeeGolf.app */ = {isa = PBXFileReference; explicitFileType = wrapper.application; includeInIndex = 0; path = FrisbeeGolf.app; sourceTree = BUILT_PRODUCTS_DIR; };
		2729DA5F293D458A00A848DC /* FrisbeeGolfApp.swift */ = {isa = PBXFileReference; lastKnownFileType = sourcecode.swift; path = FrisbeeGolfApp.swift; sourceTree = "<group>"; };
		2729DA61293D458A00A848DC /* ContentView.swift */ = {isa = PBXFileReference; lastKnownFileType = sourcecode.swift; path = ContentView.swift; sourceTree = "<group>"; };
		2729DA63293D458B00A848DC /* Assets.xcassets */ = {isa = PBXFileReference; lastKnownFileType = folder.assetcatalog; path = Assets.xcassets; sourceTree = "<group>"; };
		2729DA65293D458B00A848DC /* FrisbeeGolf.entitlements */ = {isa = PBXFileReference; lastKnownFileType = text.plist.entitlements; path = FrisbeeGolf.entitlements; sourceTree = "<group>"; };
		2729DA67293D458B00A848DC /* Preview Assets.xcassets */ = {isa = PBXFileReference; lastKnownFileType = folder.assetcatalog; path = "Preview Assets.xcassets"; sourceTree = "<group>"; };
		2729DA6D293D458B00A848DC /* FrisbeeGolfTests.xctest */ = {isa = PBXFileReference; explicitFileType = wrapper.cfbundle; includeInIndex = 0; path = FrisbeeGolfTests.xctest; sourceTree = BUILT_PRODUCTS_DIR; };
		2729DA71293D458B00A848DC /* FrisbeeGolfTests.swift */ = {isa = PBXFileReference; lastKnownFileType = sourcecode.swift; path = FrisbeeGolfTests.swift; sourceTree = "<group>"; };
		2729DA77293D458B00A848DC /* FrisbeeGolfUITests.xctest */ = {isa = PBXFileReference; explicitFileType = wrapper.cfbundle; includeInIndex = 0; path = FrisbeeGolfUITests.xctest; sourceTree = BUILT_PRODUCTS_DIR; };
		2729DA7B293D458B00A848DC /* FrisbeeGolfUITests.swift */ = {isa = PBXFileReference; lastKnownFileType = sourcecode.swift; path = FrisbeeGolfUITests.swift; sourceTree = "<group>"; };
		2729DA7D293D458B00A848DC /* FrisbeeGolfUITestsLaunchTests.swift */ = {isa = PBXFileReference; lastKnownFileType = sourcecode.swift; path = FrisbeeGolfUITestsLaunchTests.swift; sourceTree = "<group>"; };
		2729DA8E293D474E00A848DC /* CurrentScoreViewModel.swift */ = {isa = PBXFileReference; lastKnownFileType = sourcecode.swift; path = CurrentScoreViewModel.swift; sourceTree = "<group>"; };
		2729DA90293D4CE000A848DC /* ScoresView.swift */ = {isa = PBXFileReference; lastKnownFileType = sourcecode.swift; path = ScoresView.swift; sourceTree = "<group>"; };
		2729DA92293D517F00A848DC /* ScoresRowView.swift */ = {isa = PBXFileReference; lastKnownFileType = sourcecode.swift; path = ScoresRowView.swift; sourceTree = "<group>"; };
		2729DA95293D51EF00A848DC /* HoleScoreModel.swift */ = {isa = PBXFileReference; lastKnownFileType = sourcecode.swift; path = HoleScoreModel.swift; sourceTree = "<group>"; };
		2729DA97293D747D00A848DC /* SaveData.swift */ = {isa = PBXFileReference; lastKnownFileType = sourcecode.swift; path = SaveData.swift; sourceTree = "<group>"; };
		2729DA99293FA80300A848DC /* GameScoreModel.swift */ = {isa = PBXFileReference; lastKnownFileType = sourcecode.swift; path = GameScoreModel.swift; sourceTree = "<group>"; };
		2729DA9B293FADFB00A848DC /* GameScoreView.swift */ = {isa = PBXFileReference; lastKnownFileType = sourcecode.swift; path = GameScoreView.swift; sourceTree = "<group>"; };
		2729DA9F293FAFF200A848DC /* GamePromptView.swift */ = {isa = PBXFileReference; lastKnownFileType = sourcecode.swift; path = GamePromptView.swift; sourceTree = "<group>"; };
		2729DAA1293FB12C00A848DC /* PreviousGameView.swift */ = {isa = PBXFileReference; lastKnownFileType = sourcecode.swift; path = PreviousGameView.swift; sourceTree = "<group>"; };
		2729DAA4293FB20100A848DC /* PreviousGamesViewModel.swift */ = {isa = PBXFileReference; lastKnownFileType = sourcecode.swift; path = PreviousGamesViewModel.swift; sourceTree = "<group>"; };
		2729DAA7293FB37300A848DC /* GamesListView.swift */ = {isa = PBXFileReference; lastKnownFileType = sourcecode.swift; path = GamesListView.swift; sourceTree = "<group>"; };
		2729DAAA293FB3B000A848DC /* GameRowView.swift */ = {isa = PBXFileReference; lastKnownFileType = sourcecode.swift; path = GameRowView.swift; sourceTree = "<group>"; };
		2729DAB0293FF60D00A848DC /* GoogleService-Info.plist */ = {isa = PBXFileReference; fileEncoding = 4; lastKnownFileType = text.plist.xml; name = "GoogleService-Info.plist"; path = "../../../../../Downloads/GoogleService-Info.plist"; sourceTree = "<group>"; };
		27BF0D4F2954D9AC00E5CA1E /* LoginView.swift */ = {isa = PBXFileReference; lastKnownFileType = sourcecode.swift; path = LoginView.swift; sourceTree = "<group>"; };
		27BF0D512954EF5300E5CA1E /* SignupView.swift */ = {isa = PBXFileReference; lastKnownFileType = sourcecode.swift; path = SignupView.swift; sourceTree = "<group>"; };
		27BF0D532964AC2200E5CA1E /* LoginViewModel.swift */ = {isa = PBXFileReference; lastKnownFileType = sourcecode.swift; path = LoginViewModel.swift; sourceTree = "<group>"; };
		27BF0D552964B05900E5CA1E /* UIDModel.swift */ = {isa = PBXFileReference; lastKnownFileType = sourcecode.swift; path = UIDModel.swift; sourceTree = "<group>"; };
		27BF0D582964B64400E5CA1E /* ProfilePage.swift */ = {isa = PBXFileReference; lastKnownFileType = sourcecode.swift; path = ProfilePage.swift; sourceTree = "<group>"; };
/* End PBXFileReference section */

/* Begin PBXFrameworksBuildPhase section */
		2729DA59293D458A00A848DC /* Frameworks */ = {
			isa = PBXFrameworksBuildPhase;
			buildActionMask = 2147483647;
			files = (
				2729DAB4293FF75C00A848DC /* FirebaseAnalytics in Frameworks */,
				2729DABA293FF75C00A848DC /* FirebaseFirestore in Frameworks */,
				2729DAC2293FF75C00A848DC /* FirebaseStorageCombine-Community in Frameworks */,
				2729DAB8293FF75C00A848DC /* FirebaseAuthCombine-Community in Frameworks */,
				2729DABC293FF75C00A848DC /* FirebaseFirestoreCombine-Community in Frameworks */,
				2729DAC0293FF75C00A848DC /* FirebaseStorage in Frameworks */,
				2729DAB6293FF75C00A848DC /* FirebaseAuth in Frameworks */,
				2729DABE293FF75C00A848DC /* FirebaseFirestoreSwift in Frameworks */,
			);
			runOnlyForDeploymentPostprocessing = 0;
		};
		2729DA6A293D458B00A848DC /* Frameworks */ = {
			isa = PBXFrameworksBuildPhase;
			buildActionMask = 2147483647;
			files = (
			);
			runOnlyForDeploymentPostprocessing = 0;
		};
		2729DA74293D458B00A848DC /* Frameworks */ = {
			isa = PBXFrameworksBuildPhase;
			buildActionMask = 2147483647;
			files = (
			);
			runOnlyForDeploymentPostprocessing = 0;
		};
/* End PBXFrameworksBuildPhase section */

/* Begin PBXGroup section */
		2729DA53293D458A00A848DC = {
			isa = PBXGroup;
			children = (
				2729DA5E293D458A00A848DC /* FrisbeeGolf */,
				2729DA70293D458B00A848DC /* FrisbeeGolfTests */,
				2729DA7A293D458B00A848DC /* FrisbeeGolfUITests */,
				2729DA5D293D458A00A848DC /* Products */,
			);
			sourceTree = "<group>";
		};
		2729DA5D293D458A00A848DC /* Products */ = {
			isa = PBXGroup;
			children = (
				2729DA5C293D458A00A848DC /* FrisbeeGolf.app */,
				2729DA6D293D458B00A848DC /* FrisbeeGolfTests.xctest */,
				2729DA77293D458B00A848DC /* FrisbeeGolfUITests.xctest */,
			);
			name = Products;
			sourceTree = "<group>";
		};
		2729DA5E293D458A00A848DC /* FrisbeeGolf */ = {
			isa = PBXGroup;
			children = (
				2729DA94293D51E200A848DC /* Models */,
				2729DA8D293D473200A848DC /* ViewModels */,
				2729DA8A293D465B00A848DC /* Views */,
				2729DA5F293D458A00A848DC /* FrisbeeGolfApp.swift */,
				2729DA63293D458B00A848DC /* Assets.xcassets */,
				2729DA65293D458B00A848DC /* FrisbeeGolf.entitlements */,
				2729DA66293D458B00A848DC /* Preview Content */,
				2729DAB0293FF60D00A848DC /* GoogleService-Info.plist */,
			);
			path = FrisbeeGolf;
			sourceTree = "<group>";
		};
		2729DA66293D458B00A848DC /* Preview Content */ = {
			isa = PBXGroup;
			children = (
				2729DA67293D458B00A848DC /* Preview Assets.xcassets */,
			);
			path = "Preview Content";
			sourceTree = "<group>";
		};
		2729DA70293D458B00A848DC /* FrisbeeGolfTests */ = {
			isa = PBXGroup;
			children = (
				2729DA71293D458B00A848DC /* FrisbeeGolfTests.swift */,
			);
			path = FrisbeeGolfTests;
			sourceTree = "<group>";
		};
		2729DA7A293D458B00A848DC /* FrisbeeGolfUITests */ = {
			isa = PBXGroup;
			children = (
				2729DA7B293D458B00A848DC /* FrisbeeGolfUITests.swift */,
				2729DA7D293D458B00A848DC /* FrisbeeGolfUITestsLaunchTests.swift */,
			);
			path = FrisbeeGolfUITests;
			sourceTree = "<group>";
		};
		2729DA8A293D465B00A848DC /* Views */ = {
			isa = PBXGroup;
			children = (
				27BF0D572964B63400E5CA1E /* ProfilePageViews */,
				27BF0D4E2954D99800E5CA1E /* LoginViews */,
				2729DAA6293FB34800A848DC /* PreviousGamesViews */,
				2729DAA3293FB18C00A848DC /* CurrentGameViews */,
			);
			path = Views;
			sourceTree = "<group>";
		};
		2729DA8D293D473200A848DC /* ViewModels */ = {
			isa = PBXGroup;
			children = (
				2729DA8E293D474E00A848DC /* CurrentScoreViewModel.swift */,
				2729DAA4293FB20100A848DC /* PreviousGamesViewModel.swift */,
				27BF0D532964AC2200E5CA1E /* LoginViewModel.swift */,
			);
			path = ViewModels;
			sourceTree = "<group>";
		};
		2729DA94293D51E200A848DC /* Models */ = {
			isa = PBXGroup;
			children = (
				2729DA95293D51EF00A848DC /* HoleScoreModel.swift */,
				2729DA97293D747D00A848DC /* SaveData.swift */,
				2729DA99293FA80300A848DC /* GameScoreModel.swift */,
				27BF0D552964B05900E5CA1E /* UIDModel.swift */,
			);
			path = Models;
			sourceTree = "<group>";
		};
		2729DA9D293FAE7C00A848DC /* ComponentViews */ = {
			isa = PBXGroup;
			children = (
				2729DA90293D4CE000A848DC /* ScoresView.swift */,
				2729DA92293D517F00A848DC /* ScoresRowView.swift */,
			);
			path = ComponentViews;
			sourceTree = "<group>";
		};
		2729DAA3293FB18C00A848DC /* CurrentGameViews */ = {
			isa = PBXGroup;
			children = (
				2729DA9D293FAE7C00A848DC /* ComponentViews */,
				2729DA61293D458A00A848DC /* ContentView.swift */,
				2729DA9B293FADFB00A848DC /* GameScoreView.swift */,
				2729DA9F293FAFF200A848DC /* GamePromptView.swift */,
			);
			path = CurrentGameViews;
			sourceTree = "<group>";
		};
		2729DAA6293FB34800A848DC /* PreviousGamesViews */ = {
			isa = PBXGroup;
			children = (
				2729DAA9293FB38D00A848DC /* ComponentViews */,
				2729DAA1293FB12C00A848DC /* PreviousGameView.swift */,
			);
			path = PreviousGamesViews;
			sourceTree = "<group>";
		};
		2729DAA9293FB38D00A848DC /* ComponentViews */ = {
			isa = PBXGroup;
			children = (
				2729DAA7293FB37300A848DC /* GamesListView.swift */,
				2729DAAA293FB3B000A848DC /* GameRowView.swift */,
			);
			path = ComponentViews;
			sourceTree = "<group>";
		};
		27BF0D4E2954D99800E5CA1E /* LoginViews */ = {
			isa = PBXGroup;
			children = (
				27BF0D4F2954D9AC00E5CA1E /* LoginView.swift */,
				27BF0D512954EF5300E5CA1E /* SignupView.swift */,
			);
			path = LoginViews;
			sourceTree = "<group>";
		};
		27BF0D572964B63400E5CA1E /* ProfilePageViews */ = {
			isa = PBXGroup;
			children = (
				27BF0D582964B64400E5CA1E /* ProfilePage.swift */,
			);
			path = ProfilePageViews;
			sourceTree = "<group>";
		};
/* End PBXGroup section */

/* Begin PBXNativeTarget section */
		2729DA5B293D458A00A848DC /* FrisbeeGolf */ = {
			isa = PBXNativeTarget;
			buildConfigurationList = 2729DA81293D458B00A848DC /* Build configuration list for PBXNativeTarget "FrisbeeGolf" */;
			buildPhases = (
				2729DA58293D458A00A848DC /* Sources */,
				2729DA59293D458A00A848DC /* Frameworks */,
				2729DA5A293D458A00A848DC /* Resources */,
			);
			buildRules = (
			);
			dependencies = (
			);
			name = FrisbeeGolf;
			packageProductDependencies = (
				2729DAB3293FF75C00A848DC /* FirebaseAnalytics */,
				2729DAB5293FF75C00A848DC /* FirebaseAuth */,
				2729DAB7293FF75C00A848DC /* FirebaseAuthCombine-Community */,
				2729DAB9293FF75C00A848DC /* FirebaseFirestore */,
				2729DABB293FF75C00A848DC /* FirebaseFirestoreCombine-Community */,
				2729DABD293FF75C00A848DC /* FirebaseFirestoreSwift */,
				2729DABF293FF75C00A848DC /* FirebaseStorage */,
				2729DAC1293FF75C00A848DC /* FirebaseStorageCombine-Community */,
			);
			productName = FrisbeeGolf;
			productReference = 2729DA5C293D458A00A848DC /* FrisbeeGolf.app */;
			productType = "com.apple.product-type.application";
		};
		2729DA6C293D458B00A848DC /* FrisbeeGolfTests */ = {
			isa = PBXNativeTarget;
			buildConfigurationList = 2729DA84293D458B00A848DC /* Build configuration list for PBXNativeTarget "FrisbeeGolfTests" */;
			buildPhases = (
				2729DA69293D458B00A848DC /* Sources */,
				2729DA6A293D458B00A848DC /* Frameworks */,
				2729DA6B293D458B00A848DC /* Resources */,
			);
			buildRules = (
			);
			dependencies = (
				2729DA6F293D458B00A848DC /* PBXTargetDependency */,
			);
			name = FrisbeeGolfTests;
			productName = FrisbeeGolfTests;
			productReference = 2729DA6D293D458B00A848DC /* FrisbeeGolfTests.xctest */;
			productType = "com.apple.product-type.bundle.unit-test";
		};
		2729DA76293D458B00A848DC /* FrisbeeGolfUITests */ = {
			isa = PBXNativeTarget;
			buildConfigurationList = 2729DA87293D458B00A848DC /* Build configuration list for PBXNativeTarget "FrisbeeGolfUITests" */;
			buildPhases = (
				2729DA73293D458B00A848DC /* Sources */,
				2729DA74293D458B00A848DC /* Frameworks */,
				2729DA75293D458B00A848DC /* Resources */,
			);
			buildRules = (
			);
			dependencies = (
				2729DA79293D458B00A848DC /* PBXTargetDependency */,
			);
			name = FrisbeeGolfUITests;
			productName = FrisbeeGolfUITests;
			productReference = 2729DA77293D458B00A848DC /* FrisbeeGolfUITests.xctest */;
			productType = "com.apple.product-type.bundle.ui-testing";
		};
/* End PBXNativeTarget section */

/* Begin PBXProject section */
		2729DA54293D458A00A848DC /* Project object */ = {
			isa = PBXProject;
			attributes = {
				BuildIndependentTargetsInParallel = 1;
				LastSwiftUpdateCheck = 1410;
				LastUpgradeCheck = 1410;
				TargetAttributes = {
					2729DA5B293D458A00A848DC = {
						CreatedOnToolsVersion = 14.1;
					};
					2729DA6C293D458B00A848DC = {
						CreatedOnToolsVersion = 14.1;
						TestTargetID = 2729DA5B293D458A00A848DC;
					};
					2729DA76293D458B00A848DC = {
						CreatedOnToolsVersion = 14.1;
						TestTargetID = 2729DA5B293D458A00A848DC;
					};
				};
			};
			buildConfigurationList = 2729DA57293D458A00A848DC /* Build configuration list for PBXProject "FrisbeeGolf" */;
			compatibilityVersion = "Xcode 14.0";
			developmentRegion = en;
			hasScannedForEncodings = 0;
			knownRegions = (
				en,
				Base,
			);
			mainGroup = 2729DA53293D458A00A848DC;
			packageReferences = (
				2729DAB2293FF75C00A848DC /* XCRemoteSwiftPackageReference "firebase-ios-sdk" */,
			);
			productRefGroup = 2729DA5D293D458A00A848DC /* Products */;
			projectDirPath = "";
			projectRoot = "";
			targets = (
				2729DA5B293D458A00A848DC /* FrisbeeGolf */,
				2729DA6C293D458B00A848DC /* FrisbeeGolfTests */,
				2729DA76293D458B00A848DC /* FrisbeeGolfUITests */,
			);
		};
/* End PBXProject section */

/* Begin PBXResourcesBuildPhase section */
		2729DA5A293D458A00A848DC /* Resources */ = {
			isa = PBXResourcesBuildPhase;
			buildActionMask = 2147483647;
			files = (
				2729DA68293D458B00A848DC /* Preview Assets.xcassets in Resources */,
				2729DA64293D458B00A848DC /* Assets.xcassets in Resources */,
				2729DAB1293FF60D00A848DC /* GoogleService-Info.plist in Resources */,
			);
			runOnlyForDeploymentPostprocessing = 0;
		};
		2729DA6B293D458B00A848DC /* Resources */ = {
			isa = PBXResourcesBuildPhase;
			buildActionMask = 2147483647;
			files = (
			);
			runOnlyForDeploymentPostprocessing = 0;
		};
		2729DA75293D458B00A848DC /* Resources */ = {
			isa = PBXResourcesBuildPhase;
			buildActionMask = 2147483647;
			files = (
			);
			runOnlyForDeploymentPostprocessing = 0;
		};
/* End PBXResourcesBuildPhase section */

/* Begin PBXSourcesBuildPhase section */
		2729DA58293D458A00A848DC /* Sources */ = {
			isa = PBXSourcesBuildPhase;
			buildActionMask = 2147483647;
			files = (
				27BF0D562964B05900E5CA1E /* UIDModel.swift in Sources */,
				27BF0D592964B64400E5CA1E /* ProfilePage.swift in Sources */,
				2729DA93293D517F00A848DC /* ScoresRowView.swift in Sources */,
				2729DAAB293FB3B000A848DC /* GameRowView.swift in Sources */,
				2729DAA5293FB20100A848DC /* PreviousGamesViewModel.swift in Sources */,
				27BF0D502954D9AC00E5CA1E /* LoginView.swift in Sources */,
				2729DA62293D458A00A848DC /* ContentView.swift in Sources */,
				2729DAA0293FAFF200A848DC /* GamePromptView.swift in Sources */,
				2729DAA8293FB37300A848DC /* GamesListView.swift in Sources */,
				2729DA98293D747D00A848DC /* SaveData.swift in Sources */,
				2729DAA2293FB12C00A848DC /* PreviousGameView.swift in Sources */,
				2729DA9C293FADFB00A848DC /* GameScoreView.swift in Sources */,
				27BF0D542964AC2200E5CA1E /* LoginViewModel.swift in Sources */,
				2729DA91293D4CE000A848DC /* ScoresView.swift in Sources */,
				2729DA8F293D474E00A848DC /* CurrentScoreViewModel.swift in Sources */,
				27BF0D522954EF5300E5CA1E /* SignupView.swift in Sources */,
				2729DA60293D458A00A848DC /* FrisbeeGolfApp.swift in Sources */,
				2729DA9A293FA80300A848DC /* GameScoreModel.swift in Sources */,
				2729DA96293D51EF00A848DC /* HoleScoreModel.swift in Sources */,
			);
			runOnlyForDeploymentPostprocessing = 0;
		};
		2729DA69293D458B00A848DC /* Sources */ = {
			isa = PBXSourcesBuildPhase;
			buildActionMask = 2147483647;
			files = (
				2729DA72293D458B00A848DC /* FrisbeeGolfTests.swift in Sources */,
			);
			runOnlyForDeploymentPostprocessing = 0;
		};
		2729DA73293D458B00A848DC /* Sources */ = {
			isa = PBXSourcesBuildPhase;
			buildActionMask = 2147483647;
			files = (
				2729DA7C293D458B00A848DC /* FrisbeeGolfUITests.swift in Sources */,
				2729DA7E293D458B00A848DC /* FrisbeeGolfUITestsLaunchTests.swift in Sources */,
			);
			runOnlyForDeploymentPostprocessing = 0;
		};
/* End PBXSourcesBuildPhase section */

/* Begin PBXTargetDependency section */
		2729DA6F293D458B00A848DC /* PBXTargetDependency */ = {
			isa = PBXTargetDependency;
			target = 2729DA5B293D458A00A848DC /* FrisbeeGolf */;
			targetProxy = 2729DA6E293D458B00A848DC /* PBXContainerItemProxy */;
		};
		2729DA79293D458B00A848DC /* PBXTargetDependency */ = {
			isa = PBXTargetDependency;
			target = 2729DA5B293D458A00A848DC /* FrisbeeGolf */;
			targetProxy = 2729DA78293D458B00A848DC /* PBXContainerItemProxy */;
		};
/* End PBXTargetDependency section */

/* Begin XCBuildConfiguration section */
		2729DA7F293D458B00A848DC /* Debug */ = {
			isa = XCBuildConfiguration;
			buildSettings = {
				ALWAYS_SEARCH_USER_PATHS = NO;
				CLANG_ANALYZER_NONNULL = YES;
				CLANG_ANALYZER_NUMBER_OBJECT_CONVERSION = YES_AGGRESSIVE;
				CLANG_CXX_LANGUAGE_STANDARD = "gnu++20";
				CLANG_ENABLE_MODULES = YES;
				CLANG_ENABLE_OBJC_ARC = YES;
				CLANG_ENABLE_OBJC_WEAK = YES;
				CLANG_WARN_BLOCK_CAPTURE_AUTORELEASING = YES;
				CLANG_WARN_BOOL_CONVERSION = YES;
				CLANG_WARN_COMMA = YES;
				CLANG_WARN_CONSTANT_CONVERSION = YES;
				CLANG_WARN_DEPRECATED_OBJC_IMPLEMENTATIONS = YES;
				CLANG_WARN_DIRECT_OBJC_ISA_USAGE = YES_ERROR;
				CLANG_WARN_DOCUMENTATION_COMMENTS = YES;
				CLANG_WARN_EMPTY_BODY = YES;
				CLANG_WARN_ENUM_CONVERSION = YES;
				CLANG_WARN_INFINITE_RECURSION = YES;
				CLANG_WARN_INT_CONVERSION = YES;
				CLANG_WARN_NON_LITERAL_NULL_CONVERSION = YES;
				CLANG_WARN_OBJC_IMPLICIT_RETAIN_SELF = YES;
				CLANG_WARN_OBJC_LITERAL_CONVERSION = YES;
				CLANG_WARN_OBJC_ROOT_CLASS = YES_ERROR;
				CLANG_WARN_QUOTED_INCLUDE_IN_FRAMEWORK_HEADER = YES;
				CLANG_WARN_RANGE_LOOP_ANALYSIS = YES;
				CLANG_WARN_STRICT_PROTOTYPES = YES;
				CLANG_WARN_SUSPICIOUS_MOVE = YES;
				CLANG_WARN_UNGUARDED_AVAILABILITY = YES_AGGRESSIVE;
				CLANG_WARN_UNREACHABLE_CODE = YES;
				CLANG_WARN__DUPLICATE_METHOD_MATCH = YES;
				COPY_PHASE_STRIP = NO;
				DEBUG_INFORMATION_FORMAT = dwarf;
				ENABLE_STRICT_OBJC_MSGSEND = YES;
				ENABLE_TESTABILITY = YES;
				GCC_C_LANGUAGE_STANDARD = gnu11;
				GCC_DYNAMIC_NO_PIC = NO;
				GCC_NO_COMMON_BLOCKS = YES;
				GCC_OPTIMIZATION_LEVEL = 0;
				GCC_PREPROCESSOR_DEFINITIONS = (
					"DEBUG=1",
					"$(inherited)",
				);
				GCC_WARN_64_TO_32_BIT_CONVERSION = YES;
				GCC_WARN_ABOUT_RETURN_TYPE = YES_ERROR;
				GCC_WARN_UNDECLARED_SELECTOR = YES;
				GCC_WARN_UNINITIALIZED_AUTOS = YES_AGGRESSIVE;
				GCC_WARN_UNUSED_FUNCTION = YES;
				GCC_WARN_UNUSED_VARIABLE = YES;
				MTL_ENABLE_DEBUG_INFO = INCLUDE_SOURCE;
				MTL_FAST_MATH = YES;
				ONLY_ACTIVE_ARCH = YES;
				SWIFT_ACTIVE_COMPILATION_CONDITIONS = DEBUG;
				SWIFT_OPTIMIZATION_LEVEL = "-Onone";
			};
			name = Debug;
		};
		2729DA80293D458B00A848DC /* Release */ = {
			isa = XCBuildConfiguration;
			buildSettings = {
				ALWAYS_SEARCH_USER_PATHS = NO;
				CLANG_ANALYZER_NONNULL = YES;
				CLANG_ANALYZER_NUMBER_OBJECT_CONVERSION = YES_AGGRESSIVE;
				CLANG_CXX_LANGUAGE_STANDARD = "gnu++20";
				CLANG_ENABLE_MODULES = YES;
				CLANG_ENABLE_OBJC_ARC = YES;
				CLANG_ENABLE_OBJC_WEAK = YES;
				CLANG_WARN_BLOCK_CAPTURE_AUTORELEASING = YES;
				CLANG_WARN_BOOL_CONVERSION = YES;
				CLANG_WARN_COMMA = YES;
				CLANG_WARN_CONSTANT_CONVERSION = YES;
				CLANG_WARN_DEPRECATED_OBJC_IMPLEMENTATIONS = YES;
				CLANG_WARN_DIRECT_OBJC_ISA_USAGE = YES_ERROR;
				CLANG_WARN_DOCUMENTATION_COMMENTS = YES;
				CLANG_WARN_EMPTY_BODY = YES;
				CLANG_WARN_ENUM_CONVERSION = YES;
				CLANG_WARN_INFINITE_RECURSION = YES;
				CLANG_WARN_INT_CONVERSION = YES;
				CLANG_WARN_NON_LITERAL_NULL_CONVERSION = YES;
				CLANG_WARN_OBJC_IMPLICIT_RETAIN_SELF = YES;
				CLANG_WARN_OBJC_LITERAL_CONVERSION = YES;
				CLANG_WARN_OBJC_ROOT_CLASS = YES_ERROR;
				CLANG_WARN_QUOTED_INCLUDE_IN_FRAMEWORK_HEADER = YES;
				CLANG_WARN_RANGE_LOOP_ANALYSIS = YES;
				CLANG_WARN_STRICT_PROTOTYPES = YES;
				CLANG_WARN_SUSPICIOUS_MOVE = YES;
				CLANG_WARN_UNGUARDED_AVAILABILITY = YES_AGGRESSIVE;
				CLANG_WARN_UNREACHABLE_CODE = YES;
				CLANG_WARN__DUPLICATE_METHOD_MATCH = YES;
				COPY_PHASE_STRIP = NO;
				DEBUG_INFORMATION_FORMAT = "dwarf-with-dsym";
				ENABLE_NS_ASSERTIONS = NO;
				ENABLE_STRICT_OBJC_MSGSEND = YES;
				GCC_C_LANGUAGE_STANDARD = gnu11;
				GCC_NO_COMMON_BLOCKS = YES;
				GCC_WARN_64_TO_32_BIT_CONVERSION = YES;
				GCC_WARN_ABOUT_RETURN_TYPE = YES_ERROR;
				GCC_WARN_UNDECLARED_SELECTOR = YES;
				GCC_WARN_UNINITIALIZED_AUTOS = YES_AGGRESSIVE;
				GCC_WARN_UNUSED_FUNCTION = YES;
				GCC_WARN_UNUSED_VARIABLE = YES;
				MTL_ENABLE_DEBUG_INFO = NO;
				MTL_FAST_MATH = YES;
				SWIFT_COMPILATION_MODE = wholemodule;
				SWIFT_OPTIMIZATION_LEVEL = "-O";
			};
			name = Release;
		};
		2729DA82293D458B00A848DC /* Debug */ = {
			isa = XCBuildConfiguration;
			buildSettings = {
				ASSETCATALOG_COMPILER_APPICON_NAME = AppIcon;
				ASSETCATALOG_COMPILER_GLOBAL_ACCENT_COLOR_NAME = AccentColor;
				CODE_SIGN_ENTITLEMENTS = FrisbeeGolf/FrisbeeGolf.entitlements;
				CODE_SIGN_STYLE = Automatic;
				CURRENT_PROJECT_VERSION = 1;
				DEVELOPMENT_ASSET_PATHS = "\"FrisbeeGolf/Preview Content\"";
				ENABLE_PREVIEWS = YES;
				GENERATE_INFOPLIST_FILE = YES;
				"INFOPLIST_KEY_UIApplicationSceneManifest_Generation[sdk=iphoneos*]" = YES;
				"INFOPLIST_KEY_UIApplicationSceneManifest_Generation[sdk=iphonesimulator*]" = YES;
				"INFOPLIST_KEY_UIApplicationSupportsIndirectInputEvents[sdk=iphoneos*]" = YES;
				"INFOPLIST_KEY_UIApplicationSupportsIndirectInputEvents[sdk=iphonesimulator*]" = YES;
				"INFOPLIST_KEY_UILaunchScreen_Generation[sdk=iphoneos*]" = YES;
				"INFOPLIST_KEY_UILaunchScreen_Generation[sdk=iphonesimulator*]" = YES;
				"INFOPLIST_KEY_UIStatusBarStyle[sdk=iphoneos*]" = UIStatusBarStyleDefault;
				"INFOPLIST_KEY_UIStatusBarStyle[sdk=iphonesimulator*]" = UIStatusBarStyleDefault;
				INFOPLIST_KEY_UISupportedInterfaceOrientations_iPad = "UIInterfaceOrientationPortrait UIInterfaceOrientationPortraitUpsideDown UIInterfaceOrientationLandscapeLeft UIInterfaceOrientationLandscapeRight";
				INFOPLIST_KEY_UISupportedInterfaceOrientations_iPhone = "UIInterfaceOrientationPortrait UIInterfaceOrientationLandscapeLeft UIInterfaceOrientationLandscapeRight";
				IPHONEOS_DEPLOYMENT_TARGET = 16.1;
				LD_RUNPATH_SEARCH_PATHS = "@executable_path/Frameworks";
				"LD_RUNPATH_SEARCH_PATHS[sdk=macosx*]" = "@executable_path/../Frameworks";
				MACOSX_DEPLOYMENT_TARGET = 13.0;
				MARKETING_VERSION = 1.0;
				PRODUCT_BUNDLE_IDENTIFIER = com.pezaris.FrisbeeGolf;
				"PRODUCT_BUNDLE_IDENTIFIER[sdk=iphoneos*]" = I;
				PRODUCT_NAME = "$(TARGET_NAME)";
				SDKROOT = auto;
				SUPPORTED_PLATFORMS = "iphoneos iphonesimulator macosx";
				SWIFT_EMIT_LOC_STRINGS = YES;
				SWIFT_VERSION = 5.0;
				TARGETED_DEVICE_FAMILY = "1,2";
			};
			name = Debug;
		};
		2729DA83293D458B00A848DC /* Release */ = {
			isa = XCBuildConfiguration;
			buildSettings = {
				ASSETCATALOG_COMPILER_APPICON_NAME = AppIcon;
				ASSETCATALOG_COMPILER_GLOBAL_ACCENT_COLOR_NAME = AccentColor;
				CODE_SIGN_ENTITLEMENTS = FrisbeeGolf/FrisbeeGolf.entitlements;
				CODE_SIGN_STYLE = Automatic;
				CURRENT_PROJECT_VERSION = 1;
				DEVELOPMENT_ASSET_PATHS = "\"FrisbeeGolf/Preview Content\"";
				ENABLE_PREVIEWS = YES;
				GENERATE_INFOPLIST_FILE = YES;
				"INFOPLIST_KEY_UIApplicationSceneManifest_Generation[sdk=iphoneos*]" = YES;
				"INFOPLIST_KEY_UIApplicationSceneManifest_Generation[sdk=iphonesimulator*]" = YES;
				"INFOPLIST_KEY_UIApplicationSupportsIndirectInputEvents[sdk=iphoneos*]" = YES;
				"INFOPLIST_KEY_UIApplicationSupportsIndirectInputEvents[sdk=iphonesimulator*]" = YES;
				"INFOPLIST_KEY_UILaunchScreen_Generation[sdk=iphoneos*]" = YES;
				"INFOPLIST_KEY_UILaunchScreen_Generation[sdk=iphonesimulator*]" = YES;
				"INFOPLIST_KEY_UIStatusBarStyle[sdk=iphoneos*]" = UIStatusBarStyleDefault;
				"INFOPLIST_KEY_UIStatusBarStyle[sdk=iphonesimulator*]" = UIStatusBarStyleDefault;
				INFOPLIST_KEY_UISupportedInterfaceOrientations_iPad = "UIInterfaceOrientationPortrait UIInterfaceOrientationPortraitUpsideDown UIInterfaceOrientationLandscapeLeft UIInterfaceOrientationLandscapeRight";
				INFOPLIST_KEY_UISupportedInterfaceOrientations_iPhone = "UIInterfaceOrientationPortrait UIInterfaceOrientationLandscapeLeft UIInterfaceOrientationLandscapeRight";
				IPHONEOS_DEPLOYMENT_TARGET = 16.1;
				LD_RUNPATH_SEARCH_PATHS = "@executable_path/Frameworks";
				"LD_RUNPATH_SEARCH_PATHS[sdk=macosx*]" = "@executable_path/../Frameworks";
				MACOSX_DEPLOYMENT_TARGET = 13.0;
				MARKETING_VERSION = 1.0;
				PRODUCT_BUNDLE_IDENTIFIER = com.pezaris.FrisbeeGolf;
				"PRODUCT_BUNDLE_IDENTIFIER[sdk=iphoneos*]" = I;
				PRODUCT_NAME = "$(TARGET_NAME)";
				SDKROOT = auto;
				SUPPORTED_PLATFORMS = "iphoneos iphonesimulator macosx";
				SWIFT_EMIT_LOC_STRINGS = YES;
				SWIFT_VERSION = 5.0;
				TARGETED_DEVICE_FAMILY = "1,2";
			};
			name = Release;
		};
		2729DA85293D458B00A848DC /* Debug */ = {
			isa = XCBuildConfiguration;
			buildSettings = {
				ALWAYS_EMBED_SWIFT_STANDARD_LIBRARIES = YES;
				BUNDLE_LOADER = "$(TEST_HOST)";
				CODE_SIGN_STYLE = Automatic;
				CURRENT_PROJECT_VERSION = 1;
				GENERATE_INFOPLIST_FILE = YES;
				IPHONEOS_DEPLOYMENT_TARGET = 16.1;
				MACOSX_DEPLOYMENT_TARGET = 13.0;
				MARKETING_VERSION = 1.0;
				PRODUCT_BUNDLE_IDENTIFIER = com.pezaris.FrisbeeGolfTests;
				PRODUCT_NAME = "$(TARGET_NAME)";
				SDKROOT = auto;
				SUPPORTED_PLATFORMS = "iphoneos iphonesimulator macosx";
				SWIFT_EMIT_LOC_STRINGS = NO;
				SWIFT_VERSION = 5.0;
				TARGETED_DEVICE_FAMILY = "1,2";
				TEST_HOST = "$(BUILT_PRODUCTS_DIR)/FrisbeeGolf.app/$(BUNDLE_EXECUTABLE_FOLDER_PATH)/FrisbeeGolf";
			};
			name = Debug;
		};
		2729DA86293D458B00A848DC /* Release */ = {
			isa = XCBuildConfiguration;
			buildSettings = {
				ALWAYS_EMBED_SWIFT_STANDARD_LIBRARIES = YES;
				BUNDLE_LOADER = "$(TEST_HOST)";
				CODE_SIGN_STYLE = Automatic;
				CURRENT_PROJECT_VERSION = 1;
				GENERATE_INFOPLIST_FILE = YES;
				IPHONEOS_DEPLOYMENT_TARGET = 16.1;
				MACOSX_DEPLOYMENT_TARGET = 13.0;
				MARKETING_VERSION = 1.0;
				PRODUCT_BUNDLE_IDENTIFIER = com.pezaris.FrisbeeGolfTests;
				PRODUCT_NAME = "$(TARGET_NAME)";
				SDKROOT = auto;
				SUPPORTED_PLATFORMS = "iphoneos iphonesimulator macosx";
				SWIFT_EMIT_LOC_STRINGS = NO;
				SWIFT_VERSION = 5.0;
				TARGETED_DEVICE_FAMILY = "1,2";
				TEST_HOST = "$(BUILT_PRODUCTS_DIR)/FrisbeeGolf.app/$(BUNDLE_EXECUTABLE_FOLDER_PATH)/FrisbeeGolf";
			};
			name = Release;
		};
		2729DA88293D458B00A848DC /* Debug */ = {
			isa = XCBuildConfiguration;
			buildSettings = {
				ALWAYS_EMBED_SWIFT_STANDARD_LIBRARIES = YES;
				CODE_SIGN_STYLE = Automatic;
				CURRENT_PROJECT_VERSION = 1;
				GENERATE_INFOPLIST_FILE = YES;
				IPHONEOS_DEPLOYMENT_TARGET = 16.1;
				MACOSX_DEPLOYMENT_TARGET = 13.0;
				MARKETING_VERSION = 1.0;
				PRODUCT_BUNDLE_IDENTIFIER = com.pezaris.FrisbeeGolfUITests;
				PRODUCT_NAME = "$(TARGET_NAME)";
				SDKROOT = auto;
				SUPPORTED_PLATFORMS = "iphoneos iphonesimulator macosx";
				SWIFT_EMIT_LOC_STRINGS = NO;
				SWIFT_VERSION = 5.0;
				TARGETED_DEVICE_FAMILY = "1,2";
				TEST_TARGET_NAME = FrisbeeGolf;
			};
			name = Debug;
		};
		2729DA89293D458B00A848DC /* Release */ = {
			isa = XCBuildConfiguration;
			buildSettings = {
				ALWAYS_EMBED_SWIFT_STANDARD_LIBRARIES = YES;
				CODE_SIGN_STYLE = Automatic;
				CURRENT_PROJECT_VERSION = 1;
				GENERATE_INFOPLIST_FILE = YES;
				IPHONEOS_DEPLOYMENT_TARGET = 16.1;
				MACOSX_DEPLOYMENT_TARGET = 13.0;
				MARKETING_VERSION = 1.0;
				PRODUCT_BUNDLE_IDENTIFIER = com.pezaris.FrisbeeGolfUITests;
				PRODUCT_NAME = "$(TARGET_NAME)";
				SDKROOT = auto;
				SUPPORTED_PLATFORMS = "iphoneos iphonesimulator macosx";
				SWIFT_EMIT_LOC_STRINGS = NO;
				SWIFT_VERSION = 5.0;
				TARGETED_DEVICE_FAMILY = "1,2";
				TEST_TARGET_NAME = FrisbeeGolf;
			};
			name = Release;
		};
/* End XCBuildConfiguration section */

/* Begin XCConfigurationList section */
		2729DA57293D458A00A848DC /* Build configuration list for PBXProject "FrisbeeGolf" */ = {
			isa = XCConfigurationList;
			buildConfigurations = (
				2729DA7F293D458B00A848DC /* Debug */,
				2729DA80293D458B00A848DC /* Release */,
			);
			defaultConfigurationIsVisible = 0;
			defaultConfigurationName = Release;
		};
		2729DA81293D458B00A848DC /* Build configuration list for PBXNativeTarget "FrisbeeGolf" */ = {
			isa = XCConfigurationList;
			buildConfigurations = (
				2729DA82293D458B00A848DC /* Debug */,
				2729DA83293D458B00A848DC /* Release */,
			);
			defaultConfigurationIsVisible = 0;
			defaultConfigurationName = Release;
		};
		2729DA84293D458B00A848DC /* Build configuration list for PBXNativeTarget "FrisbeeGolfTests" */ = {
			isa = XCConfigurationList;
			buildConfigurations = (
				2729DA85293D458B00A848DC /* Debug */,
				2729DA86293D458B00A848DC /* Release */,
			);
			defaultConfigurationIsVisible = 0;
			defaultConfigurationName = Release;
		};
		2729DA87293D458B00A848DC /* Build configuration list for PBXNativeTarget "FrisbeeGolfUITests" */ = {
			isa = XCConfigurationList;
			buildConfigurations = (
				2729DA88293D458B00A848DC /* Debug */,
				2729DA89293D458B00A848DC /* Release */,
			);
			defaultConfigurationIsVisible = 0;
			defaultConfigurationName = Release;
		};
/* End XCConfigurationList section */

/* Begin XCRemoteSwiftPackageReference section */
		2729DAB2293FF75C00A848DC /* XCRemoteSwiftPackageReference "firebase-ios-sdk" */ = {
			isa = XCRemoteSwiftPackageReference;
			repositoryURL = "https://github.com/firebase/firebase-ios-sdk";
			requirement = {
				kind = upToNextMajorVersion;
				minimumVersion = 9.0.0;
			};
		};
/* End XCRemoteSwiftPackageReference section */

/* Begin XCSwiftPackageProductDependency section */
		2729DAB3293FF75C00A848DC /* FirebaseAnalytics */ = {
			isa = XCSwiftPackageProductDependency;
			package = 2729DAB2293FF75C00A848DC /* XCRemoteSwiftPackageReference "firebase-ios-sdk" */;
			productName = FirebaseAnalytics;
		};
		2729DAB5293FF75C00A848DC /* FirebaseAuth */ = {
			isa = XCSwiftPackageProductDependency;
			package = 2729DAB2293FF75C00A848DC /* XCRemoteSwiftPackageReference "firebase-ios-sdk" */;
			productName = FirebaseAuth;
		};
		2729DAB7293FF75C00A848DC /* FirebaseAuthCombine-Community */ = {
			isa = XCSwiftPackageProductDependency;
			package = 2729DAB2293FF75C00A848DC /* XCRemoteSwiftPackageReference "firebase-ios-sdk" */;
			productName = "FirebaseAuthCombine-Community";
		};
		2729DAB9293FF75C00A848DC /* FirebaseFirestore */ = {
			isa = XCSwiftPackageProductDependency;
			package = 2729DAB2293FF75C00A848DC /* XCRemoteSwiftPackageReference "firebase-ios-sdk" */;
			productName = FirebaseFirestore;
		};
		2729DABB293FF75C00A848DC /* FirebaseFirestoreCombine-Community */ = {
			isa = XCSwiftPackageProductDependency;
			package = 2729DAB2293FF75C00A848DC /* XCRemoteSwiftPackageReference "firebase-ios-sdk" */;
			productName = "FirebaseFirestoreCombine-Community";
		};
		2729DABD293FF75C00A848DC /* FirebaseFirestoreSwift */ = {
			isa = XCSwiftPackageProductDependency;
			package = 2729DAB2293FF75C00A848DC /* XCRemoteSwiftPackageReference "firebase-ios-sdk" */;
			productName = FirebaseFirestoreSwift;
		};
		2729DABF293FF75C00A848DC /* FirebaseStorage */ = {
			isa = XCSwiftPackageProductDependency;
			package = 2729DAB2293FF75C00A848DC /* XCRemoteSwiftPackageReference "firebase-ios-sdk" */;
			productName = FirebaseStorage;
		};
		2729DAC1293FF75C00A848DC /* FirebaseStorageCombine-Community */ = {
			isa = XCSwiftPackageProductDependency;
			package = 2729DAB2293FF75C00A848DC /* XCRemoteSwiftPackageReference "firebase-ios-sdk" */;
			productName = "FirebaseStorageCombine-Community";
		};
/* End XCSwiftPackageProductDependency section */
	};
	rootObject = 2729DA54293D458A00A848DC /* Project object */;
}
